// !$*UTF8*$!
{
	archiveVersion = 1;
	classes = {
	};
	objectVersion = 46;
	objects = {

/* Begin PBXBuildFile section */
		786041121CB45FF1000086E4 /* main.m in Sources */ = {isa = PBXBuildFile; fileRef = 786041111CB45FF1000086E4 /* main.m */; };
		786041151CB45FF1000086E4 /* AppDelegate.m in Sources */ = {isa = PBXBuildFile; fileRef = 786041141CB45FF1000086E4 /* AppDelegate.m */; };
		7860411B1CB45FF1000086E4 /* Main.storyboard in Resources */ = {isa = PBXBuildFile; fileRef = 786041191CB45FF1000086E4 /* Main.storyboard */; };
		7860411D1CB45FF1000086E4 /* Assets.xcassets in Resources */ = {isa = PBXBuildFile; fileRef = 7860411C1CB45FF1000086E4 /* Assets.xcassets */; };
		786041201CB45FF1000086E4 /* LaunchScreen.storyboard in Resources */ = {isa = PBXBuildFile; fileRef = 7860411E1CB45FF1000086E4 /* LaunchScreen.storyboard */; };
		A57DA1F91CB69508000FF02D /* GreenButton.m in Sources */ = {isa = PBXBuildFile; fileRef = A57DA1F01CB69508000FF02D /* GreenButton.m */; };
		A57DA1FA1CB69508000FF02D /* MainViewController.m in Sources */ = {isa = PBXBuildFile; fileRef = A57DA1F21CB69508000FF02D /* MainViewController.m */; };
		A57DA1FB1CB69508000FF02D /* SecondViewController.m in Sources */ = {isa = PBXBuildFile; fileRef = A57DA1F41CB69508000FF02D /* SecondViewController.m */; };
		A57DA1FC1CB69508000FF02D /* TableViewCell.m in Sources */ = {isa = PBXBuildFile; fileRef = A57DA1F61CB69508000FF02D /* TableViewCell.m */; };
		A57DA1FD1CB69508000FF02D /* UIColor+EveningPlannerColor.m in Sources */ = {isa = PBXBuildFile; fileRef = A57DA1F81CB69508000FF02D /* UIColor+EveningPlannerColor.m */; };
		CED977131CB5B04A00A77664 /* choicePageVC.m in Sources */ = {isa = PBXBuildFile; fileRef = CED977121CB5B04A00A77664 /* choicePageVC.m */; };
/* End PBXBuildFile section */

/* Begin PBXFileReference section */
		7860410D1CB45FF1000086E4 /* eveningPlanner.app */ = {isa = PBXFileReference; explicitFileType = wrapper.application; includeInIndex = 0; path = eveningPlanner.app; sourceTree = BUILT_PRODUCTS_DIR; };
		786041111CB45FF1000086E4 /* main.m */ = {isa = PBXFileReference; lastKnownFileType = sourcecode.c.objc; path = main.m; sourceTree = "<group>"; };
		786041131CB45FF1000086E4 /* AppDelegate.h */ = {isa = PBXFileReference; lastKnownFileType = sourcecode.c.h; path = AppDelegate.h; sourceTree = "<group>"; };
		786041141CB45FF1000086E4 /* AppDelegate.m */ = {isa = PBXFileReference; lastKnownFileType = sourcecode.c.objc; path = AppDelegate.m; sourceTree = "<group>"; };
		7860411A1CB45FF1000086E4 /* Base */ = {isa = PBXFileReference; lastKnownFileType = file.storyboard; name = Base; path = Base.lproj/Main.storyboard; sourceTree = "<group>"; };
		7860411C1CB45FF1000086E4 /* Assets.xcassets */ = {isa = PBXFileReference; lastKnownFileType = folder.assetcatalog; path = Assets.xcassets; sourceTree = "<group>"; };
		7860411F1CB45FF1000086E4 /* Base */ = {isa = PBXFileReference; lastKnownFileType = file.storyboard; name = Base; path = Base.lproj/LaunchScreen.storyboard; sourceTree = "<group>"; };
		786041211CB45FF1000086E4 /* Info.plist */ = {isa = PBXFileReference; lastKnownFileType = text.plist.xml; path = Info.plist; sourceTree = "<group>"; };
		A57DA1EF1CB69508000FF02D /* GreenButton.h */ = {isa = PBXFileReference; fileEncoding = 4; lastKnownFileType = sourcecode.c.h; path = GreenButton.h; sourceTree = "<group>"; };
		A57DA1F01CB69508000FF02D /* GreenButton.m */ = {isa = PBXFileReference; fileEncoding = 4; lastKnownFileType = sourcecode.c.objc; path = GreenButton.m; sourceTree = "<group>"; };
		A57DA1F11CB69508000FF02D /* MainViewController.h */ = {isa = PBXFileReference; fileEncoding = 4; lastKnownFileType = sourcecode.c.h; path = MainViewController.h; sourceTree = "<group>"; };
		A57DA1F21CB69508000FF02D /* MainViewController.m */ = {isa = PBXFileReference; fileEncoding = 4; lastKnownFileType = sourcecode.c.objc; path = MainViewController.m; sourceTree = "<group>"; };
		A57DA1F31CB69508000FF02D /* SecondViewController.h */ = {isa = PBXFileReference; fileEncoding = 4; lastKnownFileType = sourcecode.c.h; path = SecondViewController.h; sourceTree = "<group>"; };
		A57DA1F41CB69508000FF02D /* SecondViewController.m */ = {isa = PBXFileReference; fileEncoding = 4; lastKnownFileType = sourcecode.c.objc; path = SecondViewController.m; sourceTree = "<group>"; };
		A57DA1F51CB69508000FF02D /* TableViewCell.h */ = {isa = PBXFileReference; fileEncoding = 4; lastKnownFileType = sourcecode.c.h; path = TableViewCell.h; sourceTree = "<group>"; };
		A57DA1F61CB69508000FF02D /* TableViewCell.m */ = {isa = PBXFileReference; fileEncoding = 4; lastKnownFileType = sourcecode.c.objc; path = TableViewCell.m; sourceTree = "<group>"; };
		A57DA1F71CB69508000FF02D /* UIColor+EveningPlannerColor.h */ = {isa = PBXFileReference; fileEncoding = 4; lastKnownFileType = sourcecode.c.h; path = "UIColor+EveningPlannerColor.h"; sourceTree = "<group>"; };
		A57DA1F81CB69508000FF02D /* UIColor+EveningPlannerColor.m */ = {isa = PBXFileReference; fileEncoding = 4; lastKnownFileType = sourcecode.c.objc; path = "UIColor+EveningPlannerColor.m"; sourceTree = "<group>"; };
		CED977111CB5B04A00A77664 /* choicePageVC.h */ = {isa = PBXFileReference; fileEncoding = 4; lastKnownFileType = sourcecode.c.h; path = choicePageVC.h; sourceTree = "<group>"; };
		CED977121CB5B04A00A77664 /* choicePageVC.m */ = {isa = PBXFileReference; fileEncoding = 4; lastKnownFileType = sourcecode.c.objc; path = choicePageVC.m; sourceTree = "<group>"; };
/* End PBXFileReference section */

/* Begin PBXFrameworksBuildPhase section */
		7860410A1CB45FF1000086E4 /* Frameworks */ = {
			isa = PBXFrameworksBuildPhase;
			buildActionMask = 2147483647;
			files = (
			);
			runOnlyForDeploymentPostprocessing = 0;
		};
/* End PBXFrameworksBuildPhase section */

/* Begin PBXGroup section */
		786041041CB45FF1000086E4 = {
			isa = PBXGroup;
			children = (
				7860410F1CB45FF1000086E4 /* Group app1 */,
				7860410E1CB45FF1000086E4 /* Products */,
			);
			sourceTree = "<group>";
		};
		7860410E1CB45FF1000086E4 /* Products */ = {
			isa = PBXGroup;
			children = (
				7860410D1CB45FF1000086E4 /* eveningPlanner.app */,
			);
			name = Products;
			sourceTree = "<group>";
		};
		7860410F1CB45FF1000086E4 /* Group app1 */ = {
			isa = PBXGroup;
			children = (
				786041131CB45FF1000086E4 /* AppDelegate.h */,
				786041141CB45FF1000086E4 /* AppDelegate.m */,
				786041191CB45FF1000086E4 /* Main.storyboard */,
				CED977111CB5B04A00A77664 /* choicePageVC.h */,
				CED977121CB5B04A00A77664 /* choicePageVC.m */,
				A57DA1F11CB69508000FF02D /* MainViewController.h */,
				A57DA1F21CB69508000FF02D /* MainViewController.m */,
				A57DA1F31CB69508000FF02D /* SecondViewController.h */,
				A57DA1F41CB69508000FF02D /* SecondViewController.m */,
				7860411C1CB45FF1000086E4 /* Assets.xcassets */,
				7860411E1CB45FF1000086E4 /* LaunchScreen.storyboard */,
				786041211CB45FF1000086E4 /* Info.plist */,
				786041101CB45FF1000086E4 /* Supporting Files */,
			);
			path = "Group app1";
			sourceTree = "<group>";
		};
		786041101CB45FF1000086E4 /* Supporting Files */ = {
			isa = PBXGroup;
			children = (
				A57DA1F51CB69508000FF02D /* TableViewCell.h */,
				A57DA1F61CB69508000FF02D /* TableViewCell.m */,
				A57DA1F71CB69508000FF02D /* UIColor+EveningPlannerColor.h */,
				A57DA1F81CB69508000FF02D /* UIColor+EveningPlannerColor.m */,
				A57DA1EF1CB69508000FF02D /* GreenButton.h */,
				A57DA1F01CB69508000FF02D /* GreenButton.m */,
				786041111CB45FF1000086E4 /* main.m */,
			);
			name = "Supporting Files";
			sourceTree = "<group>";
		};
/* End PBXGroup section */

/* Begin PBXNativeTarget section */
		7860410C1CB45FF1000086E4 /* eveningPlanner */ = {
			isa = PBXNativeTarget;
			buildConfigurationList = 786041241CB45FF1000086E4 /* Build configuration list for PBXNativeTarget "eveningPlanner" */;
			buildPhases = (
				786041091CB45FF1000086E4 /* Sources */,
				7860410A1CB45FF1000086E4 /* Frameworks */,
				7860410B1CB45FF1000086E4 /* Resources */,
			);
			buildRules = (
			);
			dependencies = (
			);
			name = eveningPlanner;
			productName = "Group app1";
			productReference = 7860410D1CB45FF1000086E4 /* eveningPlanner.app */;
			productType = "com.apple.product-type.application";
		};
/* End PBXNativeTarget section */

/* Begin PBXProject section */
		786041051CB45FF1000086E4 /* Project object */ = {
			isa = PBXProject;
			attributes = {
				LastUpgradeCheck = 0730;
				ORGANIZATIONNAME = "";
				TargetAttributes = {
					7860410C1CB45FF1000086E4 = {
						CreatedOnToolsVersion = 7.3;
						DevelopmentTeam = 47273DE9GS;
					};
				};
			};
			buildConfigurationList = 786041081CB45FF1000086E4 /* Build configuration list for PBXProject "eveningPlanner" */;
			compatibilityVersion = "Xcode 3.2";
			developmentRegion = English;
			hasScannedForEncodings = 0;
			knownRegions = (
				en,
				Base,
			);
			mainGroup = 786041041CB45FF1000086E4;
			productRefGroup = 7860410E1CB45FF1000086E4 /* Products */;
			projectDirPath = "";
			projectRoot = "";
			targets = (
				7860410C1CB45FF1000086E4 /* eveningPlanner */,
			);
		};
/* End PBXProject section */

/* Begin PBXResourcesBuildPhase section */
		7860410B1CB45FF1000086E4 /* Resources */ = {
			isa = PBXResourcesBuildPhase;
			buildActionMask = 2147483647;
			files = (
				786041201CB45FF1000086E4 /* LaunchScreen.storyboard in Resources */,
				7860411D1CB45FF1000086E4 /* Assets.xcassets in Resources */,
				7860411B1CB45FF1000086E4 /* Main.storyboard in Resources */,
			);
			runOnlyForDeploymentPostprocessing = 0;
		};
/* End PBXResourcesBuildPhase section */

/* Begin PBXSourcesBuildPhase section */
		786041091CB45FF1000086E4 /* Sources */ = {
			isa = PBXSourcesBuildPhase;
			buildActionMask = 2147483647;
			files = (
				A57DA1FA1CB69508000FF02D /* MainViewController.m in Sources */,
				A57DA1FD1CB69508000FF02D /* UIColor+EveningPlannerColor.m in Sources */,
				786041151CB45FF1000086E4 /* AppDelegate.m in Sources */,
				A57DA1FB1CB69508000FF02D /* SecondViewController.m in Sources */,
				CED977131CB5B04A00A77664 /* choicePageVC.m in Sources */,
				A57DA1FC1CB69508000FF02D /* TableViewCell.m in Sources */,
				786041121CB45FF1000086E4 /* main.m in Sources */,
				A57DA1F91CB69508000FF02D /* GreenButton.m in Sources */,
			);
			runOnlyForDeploymentPostprocessing = 0;
		};
/* End PBXSourcesBuildPhase section */

/* Begin PBXVariantGroup section */
		786041191CB45FF1000086E4 /* Main.storyboard */ = {
			isa = PBXVariantGroup;
			children = (
				7860411A1CB45FF1000086E4 /* Base */,
			);
			name = Main.storyboard;
			sourceTree = "<group>";
		};
		7860411E1CB45FF1000086E4 /* LaunchScreen.storyboard */ = {
			isa = PBXVariantGroup;
			children = (
				7860411F1CB45FF1000086E4 /* Base */,
			);
			name = LaunchScreen.storyboard;
			sourceTree = "<group>";
		};
/* End PBXVariantGroup section */

/* Begin XCBuildConfiguration section */
		786041221CB45FF1000086E4 /* Debug */ = {
			isa = XCBuildConfiguration;
			buildSettings = {
				ALWAYS_SEARCH_USER_PATHS = NO;
				CLANG_ANALYZER_NONNULL = YES;
				CLANG_CXX_LANGUAGE_STANDARD = "gnu++0x";
				CLANG_CXX_LIBRARY = "libc++";
				CLANG_ENABLE_MODULES = YES;
				CLANG_ENABLE_OBJC_ARC = YES;
				CLANG_WARN_BOOL_CONVERSION = YES;
				CLANG_WARN_CONSTANT_CONVERSION = YES;
				CLANG_WARN_DIRECT_OBJC_ISA_USAGE = YES_ERROR;
				CLANG_WARN_EMPTY_BODY = YES;
				CLANG_WARN_ENUM_CONVERSION = YES;
				CLANG_WARN_INT_CONVERSION = YES;
				CLANG_WARN_OBJC_ROOT_CLASS = YES_ERROR;
				CLANG_WARN_UNREACHABLE_CODE = YES;
				CLANG_WARN__DUPLICATE_METHOD_MATCH = YES;
				"CODE_SIGN_IDENTITY[sdk=iphoneos*]" = "iPhone Developer";
				COPY_PHASE_STRIP = NO;
				DEBUG_INFORMATION_FORMAT = dwarf;
				ENABLE_STRICT_OBJC_MSGSEND = YES;
				ENABLE_TESTABILITY = YES;
				GCC_C_LANGUAGE_STANDARD = gnu99;
				GCC_DYNAMIC_NO_PIC = NO;
				GCC_NO_COMMON_BLOCKS = YES;
				GCC_OPTIMIZATION_LEVEL = 0;
				GCC_PREPROCESSOR_DEFINITIONS = (
					"DEBUG=1",
					"$(inherited)",
				);
				GCC_WARN_64_TO_32_BIT_CONVERSION = YES;
				GCC_WARN_ABOUT_RETURN_TYPE = YES_ERROR;
				GCC_WARN_UNDECLARED_SELECTOR = YES;
				GCC_WARN_UNINITIALIZED_AUTOS = YES_AGGRESSIVE;
				GCC_WARN_UNUSED_FUNCTION = YES;
				GCC_WARN_UNUSED_VARIABLE = YES;
				IPHONEOS_DEPLOYMENT_TARGET = 9.3;
				MTL_ENABLE_DEBUG_INFO = YES;
				ONLY_ACTIVE_ARCH = YES;
				SDKROOT = iphoneos;
				TARGETED_DEVICE_FAMILY = "1,2";
			};
			name = Debug;
		};
		786041231CB45FF1000086E4 /* Release */ = {
			isa = XCBuildConfiguration;
			buildSettings = {
				ALWAYS_SEARCH_USER_PATHS = NO;
				CLANG_ANALYZER_NONNULL = YES;
				CLANG_CXX_LANGUAGE_STANDARD = "gnu++0x";
				CLANG_CXX_LIBRARY = "libc++";
				CLANG_ENABLE_MODULES = YES;
				CLANG_ENABLE_OBJC_ARC = YES;
				CLANG_WARN_BOOL_CONVERSION = YES;
				CLANG_WARN_CONSTANT_CONVERSION = YES;
				CLANG_WARN_DIRECT_OBJC_ISA_USAGE = YES_ERROR;
				CLANG_WARN_EMPTY_BODY = YES;
				CLANG_WARN_ENUM_CONVERSION = YES;
				CLANG_WARN_INT_CONVERSION = YES;
				CLANG_WARN_OBJC_ROOT_CLASS = YES_ERROR;
				CLANG_WARN_UNREACHABLE_CODE = YES;
				CLANG_WARN__DUPLICATE_METHOD_MATCH = YES;
				"CODE_SIGN_IDENTITY[sdk=iphoneos*]" = "iPhone Developer";
				COPY_PHASE_STRIP = NO;
				DEBUG_INFORMATION_FORMAT = "dwarf-with-dsym";
				ENABLE_NS_ASSERTIONS = NO;
				ENABLE_STRICT_OBJC_MSGSEND = YES;
				GCC_C_LANGUAGE_STANDARD = gnu99;
				GCC_NO_COMMON_BLOCKS = YES;
				GCC_WARN_64_TO_32_BIT_CONVERSION = YES;
				GCC_WARN_ABOUT_RETURN_TYPE = YES_ERROR;
				GCC_WARN_UNDECLARED_SELECTOR = YES;
				GCC_WARN_UNINITIALIZED_AUTOS = YES_AGGRESSIVE;
				GCC_WARN_UNUSED_FUNCTION = YES;
				GCC_WARN_UNUSED_VARIABLE = YES;
				IPHONEOS_DEPLOYMENT_TARGET = 9.3;
				MTL_ENABLE_DEBUG_INFO = NO;
				SDKROOT = iphoneos;
				TARGETED_DEVICE_FAMILY = "1,2";
				VALIDATE_PRODUCT = YES;
			};
			name = Release;
		};
		786041251CB45FF1000086E4 /* Debug */ = {
			isa = XCBuildConfiguration;
			buildSettings = {
				ASSETCATALOG_COMPILER_APPICON_NAME = AppIcon;
				CODE_SIGN_IDENTITY = "iPhone Developer";
				INFOPLIST_FILE = "Group app1/Info.plist";
				LD_RUNPATH_SEARCH_PATHS = "$(inherited) @executable_path/Frameworks";
				PRODUCT_BUNDLE_IDENTIFIER = com.example.eveningPlaner;
				PRODUCT_NAME = eveningPlanner;
			};
			name = Debug;
		};
		786041261CB45FF1000086E4 /* Release */ = {
			isa = XCBuildConfiguration;
			buildSettings = {
				ASSETCATALOG_COMPILER_APPICON_NAME = AppIcon;
				CODE_SIGN_IDENTITY = "iPhone Developer";
				INFOPLIST_FILE = "Group app1/Info.plist";
				LD_RUNPATH_SEARCH_PATHS = "$(inherited) @executable_path/Frameworks";
				PRODUCT_BUNDLE_IDENTIFIER = com.example.eveningPlaner;
				PRODUCT_NAME = eveningPlanner;
			};
			name = Release;
		};
/* End XCBuildConfiguration section */

/* Begin XCConfigurationList section */
		786041081CB45FF1000086E4 /* Build configuration list for PBXProject "eveningPlanner" */ = {
			isa = XCConfigurationList;
			buildConfigurations = (
				786041221CB45FF1000086E4 /* Debug */,
				786041231CB45FF1000086E4 /* Release */,
			);
			defaultConfigurationIsVisible = 0;
			defaultConfigurationName = Release;
		};
		786041241CB45FF1000086E4 /* Build configuration list for PBXNativeTarget "eveningPlanner" */ = {
			isa = XCConfigurationList;
			buildConfigurations = (
				786041251CB45FF1000086E4 /* Debug */,
				786041261CB45FF1000086E4 /* Release */,
			);
			defaultConfigurationIsVisible = 0;
			defaultConfigurationName = Release;
		};
/* End XCConfigurationList section */
	};
	rootObject = 786041051CB45FF1000086E4 /* Project object */;
}
